Microsoft Visual Studio Solution File, Format Version 11.00
# Visual Studio 2008

Project("{AA53CA0B-650D-FD85-C4F5-9FA156F7A2CC}") = "CC", "Assembly-CSharp.csproj", "{E0C59AC6-F6A5-A0E9-DACB-DF659162EE85}"
EndProject
Global
	GlobalSection(SolutionConfigurationPlatforms) = preSolution
		Debug|Any CPU = Debug|Any CPU
		Release|Any CPU = Release|Any CPU
	EndGlobalSection
	GlobalSection(ProjectConfigurationPlatforms) = postSolution
		{E0C59AC6-F6A5-A0E9-DACB-DF659162EE85}.Debug|Any CPU.ActiveCfg = Debug|Any CPU
		{E0C59AC6-F6A5-A0E9-DACB-DF659162EE85}.Debug|Any CPU.Build.0 = Debug|Any CPU
		{E0C59AC6-F6A5-A0E9-DACB-DF659162EE85}.Release|Any CPU.ActiveCfg = Release|Any CPU
		{E0C59AC6-F6A5-A0E9-DACB-DF659162EE85}.Release|Any CPU.Build.0 = Release|Any CPU
	EndGlobalSection
	GlobalSection(SolutionProperties) = preSolution
		HideSolutionNode = FALSE
	EndGlobalSection
	GlobalSection(MonoDevelopProperties) = preSolution
		StartupItem = Assembly-CSharp.csproj
	EndGlobalSection
EndGlobal
