Microsoft Visual Studio Solution File, Format Version 11.00
# Visual Studio 2008

Project("{B5F81308-97CD-0EC2-1F24-7B41BB5D8617}") = "CT2", "Assembly-CSharp.csproj", "{1015AB85-F962-D848-FCF0-5485BD15E88F}"
EndProject
Global
	GlobalSection(SolutionConfigurationPlatforms) = preSolution
		Debug|Any CPU = Debug|Any CPU
		Release|Any CPU = Release|Any CPU
	EndGlobalSection
	GlobalSection(ProjectConfigurationPlatforms) = postSolution
		{1015AB85-F962-D848-FCF0-5485BD15E88F}.Debug|Any CPU.ActiveCfg = Debug|Any CPU
		{1015AB85-F962-D848-FCF0-5485BD15E88F}.Debug|Any CPU.Build.0 = Debug|Any CPU
		{1015AB85-F962-D848-FCF0-5485BD15E88F}.Release|Any CPU.ActiveCfg = Release|Any CPU
		{1015AB85-F962-D848-FCF0-5485BD15E88F}.Release|Any CPU.Build.0 = Release|Any CPU
	EndGlobalSection
	GlobalSection(SolutionProperties) = preSolution
		HideSolutionNode = FALSE
	EndGlobalSection
	GlobalSection(MonoDevelopProperties) = preSolution
		StartupItem = Assembly-CSharp.csproj
	EndGlobalSection
EndGlobal
